
Microsoft Visual Studio Solution File, Format Version 12.00
# Visual Studio Version 17
VisualStudioVersion = 17.0.31903.59
MinimumVisualStudioVersion = 10.0.40219.1
Project("{2150E333-8FDC-42A3-9474-1A3956D46DE8}") = "src", "src", "{827E0CD3-B72D-47B6-A68D-7590B98EB39B}"
EndProject
Project("{FAE04EC0-301F-11D3-BF4B-00C04F79EFBC}") = "Application", "src\Application\Application.csproj", "{CBD77A54-7970-4D49-8B87-F5932FD4E844}"
EndProject
Project("{FAE04EC0-301F-11D3-BF4B-00C04F79EFBC}") = "Domain", "src\Domain\Domain.csproj", "{D4D18CFA-B4EF-4C0E-8018-09F38A0ECC4B}"
EndProject
Project("{FAE04EC0-301F-11D3-BF4B-00C04F79EFBC}") = "Infrastructure", "src\Infrastructure\Infrastructure.csproj", "{5AC63FF8-7ECD-45E2-A3DC-B02AE86577D6}"
EndProject
Project("{FAE04EC0-301F-11D3-BF4B-00C04F79EFBC}") = "WebApi", "src\WebApi\WebApi.csproj", "{30256896-B72F-4086-8A24-0955FE3E5735}"
EndProject
Project("{2150E333-8FDC-42A3-9474-1A3956D46DE8}") = "tests", "tests", "{0AB3BF05-4346-4AA6-1389-037BE0695223}"
EndProject
Project("{FAE04EC0-301F-11D3-BF4B-00C04F79EFBC}") = "Application.UnitTests", "tests\Application.UnitTests\Application.UnitTests.csproj", "{130A8456-83AA-4ADF-AFFE-3553E38963CA}"
EndProject
Project("{FAE04EC0-301F-11D3-BF4B-00C04F79EFBC}") = "Domain.UnitTests", "tests\Domain.UnitTests\Domain.UnitTests.csproj", "{99755614-41B4-4717-8AAF-89BA120E8F8F}"
EndProject
Project("{FAE04EC0-301F-11D3-BF4B-00C04F79EFBC}") = "Infrastructure.UnitTests", "tests\Infrastructure.UnitTests\Infrastructure.UnitTests.csproj", "{1E030054-0D1C-47CB-BA14-690F23BE2682}"
EndProject
Project("{FAE04EC0-301F-11D3-BF4B-00C04F79EFBC}") = "WebApi.AcceptanceTests", "tests\WebApi.AcceptanceTests\WebApi.AcceptanceTests.csproj", "{05108194-B931-4DF5-BDB6-BFD45F8BEF3C}"
EndProject
Project("{FAE04EC0-301F-11D3-BF4B-00C04F79EFBC}") = "WebApi.SmokeTests", "tests\WebApi.SmokeTests\WebApi.SmokeTests.csproj", "{BACCCAC9-6D26-44EC-9C77-CA81CCA8C7AC}"
EndProject
Project("{2150E333-8FDC-42A3-9474-1A3956D46DE8}") = "Solution Items", "Solution Items", "{02EA681E-C7D8-13C7-8484-4AC65E1B71E8}"
	ProjectSection(SolutionItems) = preProject
		.editorconfig = .editorconfig
	EndProjectSection
EndProject
Global
	GlobalSection(SolutionConfigurationPlatforms) = preSolution
		Debug|Any CPU = Debug|Any CPU
		Debug|x64 = Debug|x64
		Debug|x86 = Debug|x86
		Release|Any CPU = Release|Any CPU
		Release|x64 = Release|x64
		Release|x86 = Release|x86
	EndGlobalSection
	GlobalSection(ProjectConfigurationPlatforms) = postSolution
		{CBD77A54-7970-4D49-8B87-F5932FD4E844}.Debug|Any CPU.ActiveCfg = Debug|Any CPU
		{CBD77A54-7970-4D49-8B87-F5932FD4E844}.Debug|Any CPU.Build.0 = Debug|Any CPU
		{CBD77A54-7970-4D49-8B87-F5932FD4E844}.Debug|x64.ActiveCfg = Debug|Any CPU
		{CBD77A54-7970-4D49-8B87-F5932FD4E844}.Debug|x64.Build.0 = Debug|Any CPU
		{CBD77A54-7970-4D49-8B87-F5932FD4E844}.Debug|x86.ActiveCfg = Debug|Any CPU
		{CBD77A54-7970-4D49-8B87-F5932FD4E844}.Debug|x86.Build.0 = Debug|Any CPU
		{CBD77A54-7970-4D49-8B87-F5932FD4E844}.Release|Any CPU.ActiveCfg = Release|Any CPU
		{CBD77A54-7970-4D49-8B87-F5932FD4E844}.Release|Any CPU.Build.0 = Release|Any CPU
		{CBD77A54-7970-4D49-8B87-F5932FD4E844}.Release|x64.ActiveCfg = Release|Any CPU
		{CBD77A54-7970-4D49-8B87-F5932FD4E844}.Release|x64.Build.0 = Release|Any CPU
		{CBD77A54-7970-4D49-8B87-F5932FD4E844}.Release|x86.ActiveCfg = Release|Any CPU
		{CBD77A54-7970-4D49-8B87-F5932FD4E844}.Release|x86.Build.0 = Release|Any CPU
		{D4D18CFA-B4EF-4C0E-8018-09F38A0ECC4B}.Debug|Any CPU.ActiveCfg = Debug|Any CPU
		{D4D18CFA-B4EF-4C0E-8018-09F38A0ECC4B}.Debug|Any CPU.Build.0 = Debug|Any CPU
		{D4D18CFA-B4EF-4C0E-8018-09F38A0ECC4B}.Debug|x64.ActiveCfg = Debug|Any CPU
		{D4D18CFA-B4EF-4C0E-8018-09F38A0ECC4B}.Debug|x64.Build.0 = Debug|Any CPU
		{D4D18CFA-B4EF-4C0E-8018-09F38A0ECC4B}.Debug|x86.ActiveCfg = Debug|Any CPU
		{D4D18CFA-B4EF-4C0E-8018-09F38A0ECC4B}.Debug|x86.Build.0 = Debug|Any CPU
		{D4D18CFA-B4EF-4C0E-8018-09F38A0ECC4B}.Release|Any CPU.ActiveCfg = Release|Any CPU
		{D4D18CFA-B4EF-4C0E-8018-09F38A0ECC4B}.Release|Any CPU.Build.0 = Release|Any CPU
		{D4D18CFA-B4EF-4C0E-8018-09F38A0ECC4B}.Release|x64.ActiveCfg = Release|Any CPU
		{D4D18CFA-B4EF-4C0E-8018-09F38A0ECC4B}.Release|x64.Build.0 = Release|Any CPU
		{D4D18CFA-B4EF-4C0E-8018-09F38A0ECC4B}.Release|x86.ActiveCfg = Release|Any CPU
		{D4D18CFA-B4EF-4C0E-8018-09F38A0ECC4B}.Release|x86.Build.0 = Release|Any CPU
		{5AC63FF8-7ECD-45E2-A3DC-B02AE86577D6}.Debug|Any CPU.ActiveCfg = Debug|Any CPU
		{5AC63FF8-7ECD-45E2-A3DC-B02AE86577D6}.Debug|Any CPU.Build.0 = Debug|Any CPU
		{5AC63FF8-7ECD-45E2-A3DC-B02AE86577D6}.Debug|x64.ActiveCfg = Debug|Any CPU
		{5AC63FF8-7ECD-45E2-A3DC-B02AE86577D6}.Debug|x64.Build.0 = Debug|Any CPU
		{5AC63FF8-7ECD-45E2-A3DC-B02AE86577D6}.Debug|x86.ActiveCfg = Debug|Any CPU
		{5AC63FF8-7ECD-45E2-A3DC-B02AE86577D6}.Debug|x86.Build.0 = Debug|Any CPU
		{5AC63FF8-7ECD-45E2-A3DC-B02AE86577D6}.Release|Any CPU.ActiveCfg = Release|Any CPU
		{5AC63FF8-7ECD-45E2-A3DC-B02AE86577D6}.Release|Any CPU.Build.0 = Release|Any CPU
		{5AC63FF8-7ECD-45E2-A3DC-B02AE86577D6}.Release|x64.ActiveCfg = Release|Any CPU
		{5AC63FF8-7ECD-45E2-A3DC-B02AE86577D6}.Release|x64.Build.0 = Release|Any CPU
		{5AC63FF8-7ECD-45E2-A3DC-B02AE86577D6}.Release|x86.ActiveCfg = Release|Any CPU
		{5AC63FF8-7ECD-45E2-A3DC-B02AE86577D6}.Release|x86.Build.0 = Release|Any CPU
		{30256896-B72F-4086-8A24-0955FE3E5735}.Debug|Any CPU.ActiveCfg = Debug|Any CPU
		{30256896-B72F-4086-8A24-0955FE3E5735}.Debug|Any CPU.Build.0 = Debug|Any CPU
		{30256896-B72F-4086-8A24-0955FE3E5735}.Debug|x64.ActiveCfg = Debug|Any CPU
		{30256896-B72F-4086-8A24-0955FE3E5735}.Debug|x64.Build.0 = Debug|Any CPU
		{30256896-B72F-4086-8A24-0955FE3E5735}.Debug|x86.ActiveCfg = Debug|Any CPU
		{30256896-B72F-4086-8A24-0955FE3E5735}.Debug|x86.Build.0 = Debug|Any CPU
		{30256896-B72F-4086-8A24-0955FE3E5735}.Release|Any CPU.ActiveCfg = Release|Any CPU
		{30256896-B72F-4086-8A24-0955FE3E5735}.Release|Any CPU.Build.0 = Release|Any CPU
		{30256896-B72F-4086-8A24-0955FE3E5735}.Release|x64.ActiveCfg = Release|Any CPU
		{30256896-B72F-4086-8A24-0955FE3E5735}.Release|x64.Build.0 = Release|Any CPU
		{30256896-B72F-4086-8A24-0955FE3E5735}.Release|x86.ActiveCfg = Release|Any CPU
		{30256896-B72F-4086-8A24-0955FE3E5735}.Release|x86.Build.0 = Release|Any CPU
		{130A8456-83AA-4ADF-AFFE-3553E38963CA}.Debug|Any CPU.ActiveCfg = Debug|Any CPU
		{130A8456-83AA-4ADF-AFFE-3553E38963CA}.Debug|Any CPU.Build.0 = Debug|Any CPU
		{130A8456-83AA-4ADF-AFFE-3553E38963CA}.Debug|x64.ActiveCfg = Debug|Any CPU
		{130A8456-83AA-4ADF-AFFE-3553E38963CA}.Debug|x64.Build.0 = Debug|Any CPU
		{130A8456-83AA-4ADF-AFFE-3553E38963CA}.Debug|x86.ActiveCfg = Debug|Any CPU
		{130A8456-83AA-4ADF-AFFE-3553E38963CA}.Debug|x86.Build.0 = Debug|Any CPU
		{130A8456-83AA-4ADF-AFFE-3553E38963CA}.Release|Any CPU.ActiveCfg = Release|Any CPU
		{130A8456-83AA-4ADF-AFFE-3553E38963CA}.Release|Any CPU.Build.0 = Release|Any CPU
		{130A8456-83AA-4ADF-AFFE-3553E38963CA}.Release|x64.ActiveCfg = Release|Any CPU
		{130A8456-83AA-4ADF-AFFE-3553E38963CA}.Release|x64.Build.0 = Release|Any CPU
		{130A8456-83AA-4ADF-AFFE-3553E38963CA}.Release|x86.ActiveCfg = Release|Any CPU
		{130A8456-83AA-4ADF-AFFE-3553E38963CA}.Release|x86.Build.0 = Release|Any CPU
		{99755614-41B4-4717-8AAF-89BA120E8F8F}.Debug|Any CPU.ActiveCfg = Debug|Any CPU
		{99755614-41B4-4717-8AAF-89BA120E8F8F}.Debug|Any CPU.Build.0 = Debug|Any CPU
		{99755614-41B4-4717-8AAF-89BA120E8F8F}.Debug|x64.ActiveCfg = Debug|Any CPU
		{99755614-41B4-4717-8AAF-89BA120E8F8F}.Debug|x64.Build.0 = Debug|Any CPU
		{99755614-41B4-4717-8AAF-89BA120E8F8F}.Debug|x86.ActiveCfg = Debug|Any CPU
		{99755614-41B4-4717-8AAF-89BA120E8F8F}.Debug|x86.Build.0 = Debug|Any CPU
		{99755614-41B4-4717-8AAF-89BA120E8F8F}.Release|Any CPU.ActiveCfg = Release|Any CPU
		{99755614-41B4-4717-8AAF-89BA120E8F8F}.Release|Any CPU.Build.0 = Release|Any CPU
		{99755614-41B4-4717-8AAF-89BA120E8F8F}.Release|x64.ActiveCfg = Release|Any CPU
		{99755614-41B4-4717-8AAF-89BA120E8F8F}.Release|x64.Build.0 = Release|Any CPU
		{99755614-41B4-4717-8AAF-89BA120E8F8F}.Release|x86.ActiveCfg = Release|Any CPU
		{99755614-41B4-4717-8AAF-89BA120E8F8F}.Release|x86.Build.0 = Release|Any CPU
		{1E030054-0D1C-47CB-BA14-690F23BE2682}.Debug|Any CPU.ActiveCfg = Debug|Any CPU
		{1E030054-0D1C-47CB-BA14-690F23BE2682}.Debug|Any CPU.Build.0 = Debug|Any CPU
		{1E030054-0D1C-47CB-BA14-690F23BE2682}.Debug|x64.ActiveCfg = Debug|Any CPU
		{1E030054-0D1C-47CB-BA14-690F23BE2682}.Debug|x64.Build.0 = Debug|Any CPU
		{1E030054-0D1C-47CB-BA14-690F23BE2682}.Debug|x86.ActiveCfg = Debug|Any CPU
		{1E030054-0D1C-47CB-BA14-690F23BE2682}.Debug|x86.Build.0 = Debug|Any CPU
		{1E030054-0D1C-47CB-BA14-690F23BE2682}.Release|Any CPU.ActiveCfg = Release|Any CPU
		{1E030054-0D1C-47CB-BA14-690F23BE2682}.Release|Any CPU.Build.0 = Release|Any CPU
		{1E030054-0D1C-47CB-BA14-690F23BE2682}.Release|x64.ActiveCfg = Release|Any CPU
		{1E030054-0D1C-47CB-BA14-690F23BE2682}.Release|x64.Build.0 = Release|Any CPU
		{1E030054-0D1C-47CB-BA14-690F23BE2682}.Release|x86.ActiveCfg = Release|Any CPU
		{1E030054-0D1C-47CB-BA14-690F23BE2682}.Release|x86.Build.0 = Release|Any CPU
		{05108194-B931-4DF5-BDB6-BFD45F8BEF3C}.Debug|Any CPU.ActiveCfg = Debug|Any CPU
		{05108194-B931-4DF5-BDB6-BFD45F8BEF3C}.Debug|Any CPU.Build.0 = Debug|Any CPU
		{05108194-B931-4DF5-BDB6-BFD45F8BEF3C}.Debug|x64.ActiveCfg = Debug|Any CPU
		{05108194-B931-4DF5-BDB6-BFD45F8BEF3C}.Debug|x64.Build.0 = Debug|Any CPU
		{05108194-B931-4DF5-BDB6-BFD45F8BEF3C}.Debug|x86.ActiveCfg = Debug|Any CPU
		{05108194-B931-4DF5-BDB6-BFD45F8BEF3C}.Debug|x86.Build.0 = Debug|Any CPU
		{05108194-B931-4DF5-BDB6-BFD45F8BEF3C}.Release|Any CPU.ActiveCfg = Release|Any CPU
		{05108194-B931-4DF5-BDB6-BFD45F8BEF3C}.Release|Any CPU.Build.0 = Release|Any CPU
		{05108194-B931-4DF5-BDB6-BFD45F8BEF3C}.Release|x64.ActiveCfg = Release|Any CPU
		{05108194-B931-4DF5-BDB6-BFD45F8BEF3C}.Release|x64.Build.0 = Release|Any CPU
		{05108194-B931-4DF5-BDB6-BFD45F8BEF3C}.Release|x86.ActiveCfg = Release|Any CPU
		{05108194-B931-4DF5-BDB6-BFD45F8BEF3C}.Release|x86.Build.0 = Release|Any CPU
		{BACCCAC9-6D26-44EC-9C77-CA81CCA8C7AC}.Debug|Any CPU.ActiveCfg = Debug|Any CPU
		{BACCCAC9-6D26-44EC-9C77-CA81CCA8C7AC}.Debug|Any CPU.Build.0 = Debug|Any CPU
		{BACCCAC9-6D26-44EC-9C77-CA81CCA8C7AC}.Debug|x64.ActiveCfg = Debug|Any CPU
		{BACCCAC9-6D26-44EC-9C77-CA81CCA8C7AC}.Debug|x64.Build.0 = Debug|Any CPU
		{BACCCAC9-6D26-44EC-9C77-CA81CCA8C7AC}.Debug|x86.ActiveCfg = Debug|Any CPU
		{BACCCAC9-6D26-44EC-9C77-CA81CCA8C7AC}.Debug|x86.Build.0 = Debug|Any CPU
		{BACCCAC9-6D26-44EC-9C77-CA81CCA8C7AC}.Release|Any CPU.ActiveCfg = Release|Any CPU
		{BACCCAC9-6D26-44EC-9C77-CA81CCA8C7AC}.Release|Any CPU.Build.0 = Release|Any CPU
		{BACCCAC9-6D26-44EC-9C77-CA81CCA8C7AC}.Release|x64.ActiveCfg = Release|Any CPU
		{BACCCAC9-6D26-44EC-9C77-CA81CCA8C7AC}.Release|x64.Build.0 = Release|Any CPU
		{BACCCAC9-6D26-44EC-9C77-CA81CCA8C7AC}.Release|x86.ActiveCfg = Release|Any CPU
		{BACCCAC9-6D26-44EC-9C77-CA81CCA8C7AC}.Release|x86.Build.0 = Release|Any CPU
	EndGlobalSection
	GlobalSection(SolutionProperties) = preSolution
		HideSolutionNode = FALSE
	EndGlobalSection
	GlobalSection(NestedProjects) = preSolution
		{CBD77A54-7970-4D49-8B87-F5932FD4E844} = {827E0CD3-B72D-47B6-A68D-7590B98EB39B}
		{D4D18CFA-B4EF-4C0E-8018-09F38A0ECC4B} = {827E0CD3-B72D-47B6-A68D-7590B98EB39B}
		{5AC63FF8-7ECD-45E2-A3DC-B02AE86577D6} = {827E0CD3-B72D-47B6-A68D-7590B98EB39B}
		{30256896-B72F-4086-8A24-0955FE3E5735} = {827E0CD3-B72D-47B6-A68D-7590B98EB39B}
		{130A8456-83AA-4ADF-AFFE-3553E38963CA} = {0AB3BF05-4346-4AA6-1389-037BE0695223}
		{99755614-41B4-4717-8AAF-89BA120E8F8F} = {0AB3BF05-4346-4AA6-1389-037BE0695223}
		{1E030054-0D1C-47CB-BA14-690F23BE2682} = {0AB3BF05-4346-4AA6-1389-037BE0695223}
		{05108194-B931-4DF5-BDB6-BFD45F8BEF3C} = {0AB3BF05-4346-4AA6-1389-037BE0695223}
		{BACCCAC9-6D26-44EC-9C77-CA81CCA8C7AC} = {0AB3BF05-4346-4AA6-1389-037BE0695223}
	EndGlobalSection
	GlobalSection(ExtensibilityGlobals) = postSolution
		SolutionGuid = {70447161-D21C-438B-9B0A-AECF6877294F}
	EndGlobalSection
EndGlobal
